
Microsoft Visual Studio Solution File, Format Version 12.00
# Visual Studio Version 16
VisualStudioVersion = 16.0.29318.209
MinimumVisualStudioVersion = 10.0.40219.1
Project("{9A19103F-16F7-4668-BE54-9A1E7A4F7556}") = "OsuSharp", "src\OsuSharp\OsuSharp.csproj", "{F47FED04-3AFC-4848-BF14-1416F9291810}"
EndProject
Project("{9A19103F-16F7-4668-BE54-9A1E7A4F7556}") = "OsuSharp.Example", "src\OsuSharp.Example\OsuSharp.Example.csproj", "{A47D4DE8-7695-48CB-AC53-D472D483ADAC}"
EndProject
Project("{9A19103F-16F7-4668-BE54-9A1E7A4F7556}") = "OsuSharp.Analyzer", "src\OsuSharp.Analyzer\OsuSharp.Analyzer.csproj", "{2471A298-50BD-4758-AE0A-1357269E8BE0}"
EndProject
Project("{FAE04EC0-301F-11D3-BF4B-00C04F79EFBC}") = "OsuSharp.Oppai", "src\OsuSharp.Oppai\OsuSharp.Oppai.csproj", "{B313DF81-4AC2-4DD3-BFF5-FD33A14DE5A7}"
EndProject
Global
	GlobalSection(SolutionConfigurationPlatforms) = preSolution
		Debug|Any CPU = Debug|Any CPU
		Release|Any CPU = Release|Any CPU
	EndGlobalSection
	GlobalSection(ProjectConfigurationPlatforms) = postSolution
		{F47FED04-3AFC-4848-BF14-1416F9291810}.Debug|Any CPU.ActiveCfg = Debug|Any CPU
		{F47FED04-3AFC-4848-BF14-1416F9291810}.Debug|Any CPU.Build.0 = Debug|Any CPU
		{F47FED04-3AFC-4848-BF14-1416F9291810}.Release|Any CPU.ActiveCfg = Release|Any CPU
		{F47FED04-3AFC-4848-BF14-1416F9291810}.Release|Any CPU.Build.0 = Release|Any CPU
		{A47D4DE8-7695-48CB-AC53-D472D483ADAC}.Debug|Any CPU.ActiveCfg = Debug|Any CPU
		{A47D4DE8-7695-48CB-AC53-D472D483ADAC}.Debug|Any CPU.Build.0 = Debug|Any CPU
		{A47D4DE8-7695-48CB-AC53-D472D483ADAC}.Release|Any CPU.ActiveCfg = Release|Any CPU
		{A47D4DE8-7695-48CB-AC53-D472D483ADAC}.Release|Any CPU.Build.0 = Release|Any CPU
		{2471A298-50BD-4758-AE0A-1357269E8BE0}.Debug|Any CPU.ActiveCfg = Debug|Any CPU
		{2471A298-50BD-4758-AE0A-1357269E8BE0}.Debug|Any CPU.Build.0 = Debug|Any CPU
		{2471A298-50BD-4758-AE0A-1357269E8BE0}.Release|Any CPU.ActiveCfg = Release|Any CPU
		{2471A298-50BD-4758-AE0A-1357269E8BE0}.Release|Any CPU.Build.0 = Release|Any CPU
		{B313DF81-4AC2-4DD3-BFF5-FD33A14DE5A7}.Debug|Any CPU.ActiveCfg = Debug|Any CPU
		{B313DF81-4AC2-4DD3-BFF5-FD33A14DE5A7}.Debug|Any CPU.Build.0 = Debug|Any CPU
		{B313DF81-4AC2-4DD3-BFF5-FD33A14DE5A7}.Release|Any CPU.ActiveCfg = Release|Any CPU
		{B313DF81-4AC2-4DD3-BFF5-FD33A14DE5A7}.Release|Any CPU.Build.0 = Release|Any CPU
	EndGlobalSection
	GlobalSection(SolutionProperties) = preSolution
		HideSolutionNode = FALSE
	EndGlobalSection
	GlobalSection(ExtensibilityGlobals) = postSolution
		SolutionGuid = {94234A25-8158-4B8B-8B5B-CF1C487605DF}
	EndGlobalSection
EndGlobal
