
Microsoft Visual Studio Solution File, Format Version 12.00
# Visual Studio Version 16
VisualStudioVersion = 16.0.29318.209
MinimumVisualStudioVersion = 10.0.40219.1
Project("{FAE04EC0-301F-11D3-BF4B-00C04F79EFBC}") = "OsuSharp", "src\OsuSharp\OsuSharp.csproj", "{62303D65-1A48-457D-A62A-5F5B737B5BB3}"
EndProject
Project("{FAE04EC0-301F-11D3-BF4B-00C04F79EFBC}") = "OsuSharp.Test", "src\OsuSharp.Test\OsuSharp.Test.csproj", "{7134C2D6-30F5-4636-946D-B7311FED2FCE}"
EndProject
Global
	GlobalSection(SolutionConfigurationPlatforms) = preSolution
		Debug|Any CPU = Debug|Any CPU
		Release|Any CPU = Release|Any CPU
	EndGlobalSection
	GlobalSection(ProjectConfigurationPlatforms) = postSolution
		{62303D65-1A48-457D-A62A-5F5B737B5BB3}.Debug|Any CPU.ActiveCfg = Debug|Any CPU
		{62303D65-1A48-457D-A62A-5F5B737B5BB3}.Debug|Any CPU.Build.0 = Debug|Any CPU
		{62303D65-1A48-457D-A62A-5F5B737B5BB3}.Release|Any CPU.ActiveCfg = Release|Any CPU
		{62303D65-1A48-457D-A62A-5F5B737B5BB3}.Release|Any CPU.Build.0 = Release|Any CPU
		{7134C2D6-30F5-4636-946D-B7311FED2FCE}.Debug|Any CPU.ActiveCfg = Debug|Any CPU
		{7134C2D6-30F5-4636-946D-B7311FED2FCE}.Debug|Any CPU.Build.0 = Debug|Any CPU
		{7134C2D6-30F5-4636-946D-B7311FED2FCE}.Release|Any CPU.ActiveCfg = Release|Any CPU
		{7134C2D6-30F5-4636-946D-B7311FED2FCE}.Release|Any CPU.Build.0 = Release|Any CPU
	EndGlobalSection
	GlobalSection(SolutionProperties) = preSolution
		HideSolutionNode = FALSE
	EndGlobalSection
	GlobalSection(ExtensibilityGlobals) = postSolution
		SolutionGuid = {94234A25-8158-4B8B-8B5B-CF1C487605DF}
	EndGlobalSection
EndGlobal
