
Microsoft Visual Studio Solution File, Format Version 12.00
# Visual Studio Version 17
VisualStudioVersion = 17.0.31521.260
MinimumVisualStudioVersion = 10.0.40219.1
Project("{9A19103F-16F7-4668-BE54-9A1E7A4F7556}") = "OsuSharp", "src\OsuSharp\OsuSharp.csproj", "{62303D65-1A48-457D-A62A-5F5B737B5BB3}"
EndProject
Project("{9A19103F-16F7-4668-BE54-9A1E7A4F7556}") = "OsuSharp.Test", "tests\OsuSharp.Test\OsuSharp.Test.csproj", "{7134C2D6-30F5-4636-946D-B7311FED2FCE}"
EndProject
Project("{9A19103F-16F7-4668-BE54-9A1E7A4F7556}") = "OsuSharp.JsonModels", "src\OsuSharp.JsonModels\OsuSharp.JsonModels.csproj", "{5D8F2A61-F4F1-40EF-8BF0-8F7B2E519B34}"
EndProject
Project("{9A19103F-16F7-4668-BE54-9A1E7A4F7556}") = "OsuSharp.Domain", "src\OsuSharp.Domain\OsuSharp.Domain.csproj", "{DBC87459-A01A-4E93-BD62-FBE0CA52FDFF}"
EndProject
Project("{FAE04EC0-301F-11D3-BF4B-00C04F79EFBC}") = "OsuSharp.ReplayData", "src\OsuSharp.ReplayData\OsuSharp.ReplayData.csproj", "{EDD75D52-EC09-4F8E-B163-892A527F1C40}"
EndProject
Project("{FAE04EC0-301F-11D3-BF4B-00C04F79EFBC}") = "OsuSharp.Legacy", "src\OsuSharp.Legacy\OsuSharp.Legacy.csproj", "{E4FA0BFB-4404-405E-8000-35A731BA348E}"
EndProject
Project("{FAE04EC0-301F-11D3-BF4B-00C04F79EFBC}") = "OsuSharp.Legacy.Oppai", "src\OsuSharp.Legacy.Oppai\OsuSharp.Legacy.Oppai.csproj", "{4299F86B-0287-430D-8B5B-30B272A5791B}"
EndProject
Global
	GlobalSection(SolutionConfigurationPlatforms) = preSolution
		Debug|Any CPU = Debug|Any CPU
		Release|Any CPU = Release|Any CPU
	EndGlobalSection
	GlobalSection(ProjectConfigurationPlatforms) = postSolution
		{62303D65-1A48-457D-A62A-5F5B737B5BB3}.Debug|Any CPU.ActiveCfg = Debug|Any CPU
		{62303D65-1A48-457D-A62A-5F5B737B5BB3}.Debug|Any CPU.Build.0 = Debug|Any CPU
		{62303D65-1A48-457D-A62A-5F5B737B5BB3}.Release|Any CPU.ActiveCfg = Release|Any CPU
		{62303D65-1A48-457D-A62A-5F5B737B5BB3}.Release|Any CPU.Build.0 = Release|Any CPU
		{7134C2D6-30F5-4636-946D-B7311FED2FCE}.Debug|Any CPU.ActiveCfg = Debug|Any CPU
		{7134C2D6-30F5-4636-946D-B7311FED2FCE}.Debug|Any CPU.Build.0 = Debug|Any CPU
		{7134C2D6-30F5-4636-946D-B7311FED2FCE}.Release|Any CPU.ActiveCfg = Release|Any CPU
		{7134C2D6-30F5-4636-946D-B7311FED2FCE}.Release|Any CPU.Build.0 = Release|Any CPU
		{5D8F2A61-F4F1-40EF-8BF0-8F7B2E519B34}.Debug|Any CPU.ActiveCfg = Debug|Any CPU
		{5D8F2A61-F4F1-40EF-8BF0-8F7B2E519B34}.Debug|Any CPU.Build.0 = Debug|Any CPU
		{5D8F2A61-F4F1-40EF-8BF0-8F7B2E519B34}.Release|Any CPU.ActiveCfg = Release|Any CPU
		{5D8F2A61-F4F1-40EF-8BF0-8F7B2E519B34}.Release|Any CPU.Build.0 = Release|Any CPU
		{DBC87459-A01A-4E93-BD62-FBE0CA52FDFF}.Debug|Any CPU.ActiveCfg = Debug|Any CPU
		{DBC87459-A01A-4E93-BD62-FBE0CA52FDFF}.Debug|Any CPU.Build.0 = Debug|Any CPU
		{DBC87459-A01A-4E93-BD62-FBE0CA52FDFF}.Release|Any CPU.ActiveCfg = Release|Any CPU
		{DBC87459-A01A-4E93-BD62-FBE0CA52FDFF}.Release|Any CPU.Build.0 = Release|Any CPU
		{EDD75D52-EC09-4F8E-B163-892A527F1C40}.Debug|Any CPU.ActiveCfg = Debug|Any CPU
		{EDD75D52-EC09-4F8E-B163-892A527F1C40}.Debug|Any CPU.Build.0 = Debug|Any CPU
		{EDD75D52-EC09-4F8E-B163-892A527F1C40}.Release|Any CPU.ActiveCfg = Release|Any CPU
		{EDD75D52-EC09-4F8E-B163-892A527F1C40}.Release|Any CPU.Build.0 = Release|Any CPU
		{E4FA0BFB-4404-405E-8000-35A731BA348E}.Debug|Any CPU.ActiveCfg = Debug|Any CPU
		{E4FA0BFB-4404-405E-8000-35A731BA348E}.Debug|Any CPU.Build.0 = Debug|Any CPU
		{E4FA0BFB-4404-405E-8000-35A731BA348E}.Release|Any CPU.ActiveCfg = Release|Any CPU
		{E4FA0BFB-4404-405E-8000-35A731BA348E}.Release|Any CPU.Build.0 = Release|Any CPU
		{4299F86B-0287-430D-8B5B-30B272A5791B}.Debug|Any CPU.ActiveCfg = Debug|Any CPU
		{4299F86B-0287-430D-8B5B-30B272A5791B}.Debug|Any CPU.Build.0 = Debug|Any CPU
		{4299F86B-0287-430D-8B5B-30B272A5791B}.Release|Any CPU.ActiveCfg = Release|Any CPU
		{4299F86B-0287-430D-8B5B-30B272A5791B}.Release|Any CPU.Build.0 = Release|Any CPU
	EndGlobalSection
	GlobalSection(SolutionProperties) = preSolution
		HideSolutionNode = FALSE
	EndGlobalSection
	GlobalSection(ExtensibilityGlobals) = postSolution
		SolutionGuid = {94234A25-8158-4B8B-8B5B-CF1C487605DF}
	EndGlobalSection
EndGlobal
